
Microsoft Visual Studio Solution File, Format Version 12.00
# Visual Studio Version 16
VisualStudioVersion = 16.0.34601.136
MinimumVisualStudioVersion = 10.0.40219.1
Project("{FAE04EC0-301F-11D3-BF4B-00C04F79EFBC}") = "Vidly", "Vidly\Vidly.csproj", "{6C53E0BA-4CD2-4DF7-A81A-60F4508DD67D}"
EndProject
Global
	GlobalSection(SolutionConfigurationPlatforms) = preSolution
		Debug|Any CPU = Debug|Any CPU
		Release|Any CPU = Release|Any CPU
	EndGlobalSection
	GlobalSection(ProjectConfigurationPlatforms) = postSolution
		{6C53E0BA-4CD2-4DF7-A81A-60F4508DD67D}.Debug|Any CPU.ActiveCfg = Debug|Any CPU
		{6C53E0BA-4CD2-4DF7-A81A-60F4508DD67D}.Debug|Any CPU.Build.0 = Debug|Any CPU
		{6C53E0BA-4CD2-4DF7-A81A-60F4508DD67D}.Release|Any CPU.ActiveCfg = Release|Any CPU
		{6C53E0BA-4CD2-4DF7-A81A-60F4508DD67D}.Release|Any CPU.Build.0 = Release|Any CPU
	EndGlobalSection
	GlobalSection(SolutionProperties) = preSolution
		HideSolutionNode = FALSE
	EndGlobalSection
	GlobalSection(ExtensibilityGlobals) = postSolution
		SolutionGuid = {7D59EB9D-20E2-4B8E-B0AC-5FAA5282C227}
	EndGlobalSection
EndGlobal
